
Microsoft Visual Studio Solution File, Format Version 12.00
# Visual Studio Version 16
Project("{8BC9CEB8-8B4A-11D0-8D11-00A0C91BC942}") = "ALL_BUILD", "ALL_BUILD.vcxproj", "{EA8586DF-5007-3747-B818-1EECE70DCB3E}"
	ProjectSection(ProjectDependencies) = postProject
		{595EC290-298A-368D-9DE0-58014B8895D4} = {595EC290-298A-368D-9DE0-58014B8895D4}
		{0AD62BFA-0D6C-3FFF-866B-2A2744A83032} = {0AD62BFA-0D6C-3FFF-866B-2A2744A83032}
		{AC37AC0C-1559-397D-BF2B-30F1E0E0C84C} = {AC37AC0C-1559-397D-BF2B-30F1E0E0C84C}
	EndProjectSection
EndProject
Project("{8BC9CEB8-8B4A-11D0-8D11-00A0C91BC942}") = "AirPiano", "AirPiano.vcxproj", "{595EC290-298A-368D-9DE0-58014B8895D4}"
	ProjectSection(ProjectDependencies) = postProject
		{0AD62BFA-0D6C-3FFF-866B-2A2744A83032} = {0AD62BFA-0D6C-3FFF-866B-2A2744A83032}
	EndProjectSection
EndProject
Project("{8BC9CEB8-8B4A-11D0-8D11-00A0C91BC942}") = "ZERO_CHECK", "ZERO_CHECK.vcxproj", "{0AD62BFA-0D6C-3FFF-866B-2A2744A83032}"
	ProjectSection(ProjectDependencies) = postProject
	EndProjectSection
EndProject
Project("{8BC9CEB8-8B4A-11D0-8D11-00A0C91BC942}") = "findFingersTest", "findFingersTest.vcxproj", "{AC37AC0C-1559-397D-BF2B-30F1E0E0C84C}"
	ProjectSection(ProjectDependencies) = postProject
		{0AD62BFA-0D6C-3FFF-866B-2A2744A83032} = {0AD62BFA-0D6C-3FFF-866B-2A2744A83032}
	EndProjectSection
EndProject
Global
	GlobalSection(SolutionConfigurationPlatforms) = preSolution
		Debug|x64 = Debug|x64
		Release|x64 = Release|x64
		MinSizeRel|x64 = MinSizeRel|x64
		RelWithDebInfo|x64 = RelWithDebInfo|x64
	EndGlobalSection
	GlobalSection(ProjectConfigurationPlatforms) = postSolution
		{EA8586DF-5007-3747-B818-1EECE70DCB3E}.Debug|x64.ActiveCfg = Debug|x64
		{EA8586DF-5007-3747-B818-1EECE70DCB3E}.Release|x64.ActiveCfg = Release|x64
		{EA8586DF-5007-3747-B818-1EECE70DCB3E}.MinSizeRel|x64.ActiveCfg = MinSizeRel|x64
		{EA8586DF-5007-3747-B818-1EECE70DCB3E}.RelWithDebInfo|x64.ActiveCfg = RelWithDebInfo|x64
		{595EC290-298A-368D-9DE0-58014B8895D4}.Debug|x64.ActiveCfg = Debug|x64
		{595EC290-298A-368D-9DE0-58014B8895D4}.Debug|x64.Build.0 = Debug|x64
		{595EC290-298A-368D-9DE0-58014B8895D4}.Release|x64.ActiveCfg = Release|x64
		{595EC290-298A-368D-9DE0-58014B8895D4}.Release|x64.Build.0 = Release|x64
		{595EC290-298A-368D-9DE0-58014B8895D4}.MinSizeRel|x64.ActiveCfg = MinSizeRel|x64
		{595EC290-298A-368D-9DE0-58014B8895D4}.MinSizeRel|x64.Build.0 = MinSizeRel|x64
		{595EC290-298A-368D-9DE0-58014B8895D4}.RelWithDebInfo|x64.ActiveCfg = RelWithDebInfo|x64
		{595EC290-298A-368D-9DE0-58014B8895D4}.RelWithDebInfo|x64.Build.0 = RelWithDebInfo|x64
		{0AD62BFA-0D6C-3FFF-866B-2A2744A83032}.Debug|x64.ActiveCfg = Debug|x64
		{0AD62BFA-0D6C-3FFF-866B-2A2744A83032}.Debug|x64.Build.0 = Debug|x64
		{0AD62BFA-0D6C-3FFF-866B-2A2744A83032}.Release|x64.ActiveCfg = Release|x64
		{0AD62BFA-0D6C-3FFF-866B-2A2744A83032}.Release|x64.Build.0 = Release|x64
		{0AD62BFA-0D6C-3FFF-866B-2A2744A83032}.MinSizeRel|x64.ActiveCfg = MinSizeRel|x64
		{0AD62BFA-0D6C-3FFF-866B-2A2744A83032}.MinSizeRel|x64.Build.0 = MinSizeRel|x64
		{0AD62BFA-0D6C-3FFF-866B-2A2744A83032}.RelWithDebInfo|x64.ActiveCfg = RelWithDebInfo|x64
		{0AD62BFA-0D6C-3FFF-866B-2A2744A83032}.RelWithDebInfo|x64.Build.0 = RelWithDebInfo|x64
		{AC37AC0C-1559-397D-BF2B-30F1E0E0C84C}.Debug|x64.ActiveCfg = Debug|x64
		{AC37AC0C-1559-397D-BF2B-30F1E0E0C84C}.Debug|x64.Build.0 = Debug|x64
		{AC37AC0C-1559-397D-BF2B-30F1E0E0C84C}.Release|x64.ActiveCfg = Release|x64
		{AC37AC0C-1559-397D-BF2B-30F1E0E0C84C}.Release|x64.Build.0 = Release|x64
		{AC37AC0C-1559-397D-BF2B-30F1E0E0C84C}.MinSizeRel|x64.ActiveCfg = MinSizeRel|x64
		{AC37AC0C-1559-397D-BF2B-30F1E0E0C84C}.MinSizeRel|x64.Build.0 = MinSizeRel|x64
		{AC37AC0C-1559-397D-BF2B-30F1E0E0C84C}.RelWithDebInfo|x64.ActiveCfg = RelWithDebInfo|x64
		{AC37AC0C-1559-397D-BF2B-30F1E0E0C84C}.RelWithDebInfo|x64.Build.0 = RelWithDebInfo|x64
	EndGlobalSection
	GlobalSection(ExtensibilityGlobals) = postSolution
		SolutionGuid = {AB9ADFA0-CE1C-31CC-87D5-AB3A880C6FB1}
	EndGlobalSection
	GlobalSection(ExtensibilityAddIns) = postSolution
	EndGlobalSection
EndGlobal
